Microsoft Visual Studio Solution File, Format Version 11.00
# Visual Studio 2008

Project("{A94818CC-8EF5-9D69-F566-E6D875D895A4}") = "Brain.Bit", "Assembly-CSharp.csproj", "{944D4C9B-52CB-98CA-B793-63CD6313F93B}"
EndProject
Project("{A94818CC-8EF5-9D69-F566-E6D875D895A4}") = "Brain.Bit", "Assembly-CSharp-Editor.csproj", "{27657DF7-3017-AFA0-F82B-DF4CC4912BAD}"
EndProject
Global
	GlobalSection(SolutionConfigurationPlatforms) = preSolution
		Debug|Any CPU = Debug|Any CPU
		Release|Any CPU = Release|Any CPU
	EndGlobalSection
	GlobalSection(ProjectConfigurationPlatforms) = postSolution
		{944D4C9B-52CB-98CA-B793-63CD6313F93B}.Debug|Any CPU.ActiveCfg = Debug|Any CPU
		{944D4C9B-52CB-98CA-B793-63CD6313F93B}.Debug|Any CPU.Build.0 = Debug|Any CPU
		{944D4C9B-52CB-98CA-B793-63CD6313F93B}.Release|Any CPU.ActiveCfg = Release|Any CPU
		{944D4C9B-52CB-98CA-B793-63CD6313F93B}.Release|Any CPU.Build.0 = Release|Any CPU
		{27657DF7-3017-AFA0-F82B-DF4CC4912BAD}.Debug|Any CPU.ActiveCfg = Debug|Any CPU
		{27657DF7-3017-AFA0-F82B-DF4CC4912BAD}.Debug|Any CPU.Build.0 = Debug|Any CPU
		{27657DF7-3017-AFA0-F82B-DF4CC4912BAD}.Release|Any CPU.ActiveCfg = Release|Any CPU
		{27657DF7-3017-AFA0-F82B-DF4CC4912BAD}.Release|Any CPU.Build.0 = Release|Any CPU
	EndGlobalSection
	GlobalSection(SolutionProperties) = preSolution
		HideSolutionNode = FALSE
	EndGlobalSection
					GlobalSection(MonoDevelopProperties) = preSolution
		StartupItem = Assembly-CSharp.csproj
		Policies = $0
		$0.TextStylePolicy = $1
		$1.inheritsSet = null
		$1.scope = text/x-csharp
		$0.CSharpFormattingPolicy = $2
		$2.inheritsSet = Mono
		$2.inheritsScope = text/x-csharp
		$2.scope = text/x-csharp
		$0.TextStylePolicy = $3
		$3.FileWidth = 120
		$3.TabWidth = 4
		$3.IndentWidth = 4
		$3.EolMarker = Unix
		$3.inheritsSet = Mono
		$3.inheritsScope = text/plain
		$3.scope = text/plain
	EndGlobalSection

EndGlobal
